
Microsoft Visual Studio Solution File, Format Version 12.00
# Visual Studio 15
VisualStudioVersion = 15.0.26124.0
MinimumVisualStudioVersion = 15.0.26124.0
Project("{FAE04EC0-301F-11D3-BF4B-00C04F79EFBC}") = "HelloDILibrary", "HelloDILibrary\HelloDILibrary.csproj", "{16AE2042-84D8-4640-B785-00400260E8C2}"
EndProject
Project("{FAE04EC0-301F-11D3-BF4B-00C04F79EFBC}") = "HelloDIApp", "HelloDIApp\HelloDIApp.csproj", "{6AD5B543-8233-4C7E-9585-EF010CB78621}"
EndProject
Project("{FAE04EC0-301F-11D3-BF4B-00C04F79EFBC}") = "HelloDILibraryTest", "HelloDILibraryTest\HelloDILibraryTest.csproj", "{F0CBF208-B99F-4444-BFDE-724C221FB7C9}"
EndProject
Global
	GlobalSection(SolutionConfigurationPlatforms) = preSolution
		Debug|Any CPU = Debug|Any CPU
		Debug|x64 = Debug|x64
		Debug|x86 = Debug|x86
		Release|Any CPU = Release|Any CPU
		Release|x64 = Release|x64
		Release|x86 = Release|x86
	EndGlobalSection
	GlobalSection(SolutionProperties) = preSolution
		HideSolutionNode = FALSE
	EndGlobalSection
	GlobalSection(ProjectConfigurationPlatforms) = postSolution
		{16AE2042-84D8-4640-B785-00400260E8C2}.Debug|Any CPU.ActiveCfg = Debug|Any CPU
		{16AE2042-84D8-4640-B785-00400260E8C2}.Debug|Any CPU.Build.0 = Debug|Any CPU
		{16AE2042-84D8-4640-B785-00400260E8C2}.Debug|x64.ActiveCfg = Debug|Any CPU
		{16AE2042-84D8-4640-B785-00400260E8C2}.Debug|x64.Build.0 = Debug|Any CPU
		{16AE2042-84D8-4640-B785-00400260E8C2}.Debug|x86.ActiveCfg = Debug|Any CPU
		{16AE2042-84D8-4640-B785-00400260E8C2}.Debug|x86.Build.0 = Debug|Any CPU
		{16AE2042-84D8-4640-B785-00400260E8C2}.Release|Any CPU.ActiveCfg = Release|Any CPU
		{16AE2042-84D8-4640-B785-00400260E8C2}.Release|Any CPU.Build.0 = Release|Any CPU
		{16AE2042-84D8-4640-B785-00400260E8C2}.Release|x64.ActiveCfg = Release|Any CPU
		{16AE2042-84D8-4640-B785-00400260E8C2}.Release|x64.Build.0 = Release|Any CPU
		{16AE2042-84D8-4640-B785-00400260E8C2}.Release|x86.ActiveCfg = Release|Any CPU
		{16AE2042-84D8-4640-B785-00400260E8C2}.Release|x86.Build.0 = Release|Any CPU
		{6AD5B543-8233-4C7E-9585-EF010CB78621}.Debug|Any CPU.ActiveCfg = Debug|Any CPU
		{6AD5B543-8233-4C7E-9585-EF010CB78621}.Debug|Any CPU.Build.0 = Debug|Any CPU
		{6AD5B543-8233-4C7E-9585-EF010CB78621}.Debug|x64.ActiveCfg = Debug|Any CPU
		{6AD5B543-8233-4C7E-9585-EF010CB78621}.Debug|x64.Build.0 = Debug|Any CPU
		{6AD5B543-8233-4C7E-9585-EF010CB78621}.Debug|x86.ActiveCfg = Debug|Any CPU
		{6AD5B543-8233-4C7E-9585-EF010CB78621}.Debug|x86.Build.0 = Debug|Any CPU
		{6AD5B543-8233-4C7E-9585-EF010CB78621}.Release|Any CPU.ActiveCfg = Release|Any CPU
		{6AD5B543-8233-4C7E-9585-EF010CB78621}.Release|Any CPU.Build.0 = Release|Any CPU
		{6AD5B543-8233-4C7E-9585-EF010CB78621}.Release|x64.ActiveCfg = Release|Any CPU
		{6AD5B543-8233-4C7E-9585-EF010CB78621}.Release|x64.Build.0 = Release|Any CPU
		{6AD5B543-8233-4C7E-9585-EF010CB78621}.Release|x86.ActiveCfg = Release|Any CPU
		{6AD5B543-8233-4C7E-9585-EF010CB78621}.Release|x86.Build.0 = Release|Any CPU
		{F0CBF208-B99F-4444-BFDE-724C221FB7C9}.Debug|Any CPU.ActiveCfg = Debug|Any CPU
		{F0CBF208-B99F-4444-BFDE-724C221FB7C9}.Debug|Any CPU.Build.0 = Debug|Any CPU
		{F0CBF208-B99F-4444-BFDE-724C221FB7C9}.Debug|x64.ActiveCfg = Debug|Any CPU
		{F0CBF208-B99F-4444-BFDE-724C221FB7C9}.Debug|x64.Build.0 = Debug|Any CPU
		{F0CBF208-B99F-4444-BFDE-724C221FB7C9}.Debug|x86.ActiveCfg = Debug|Any CPU
		{F0CBF208-B99F-4444-BFDE-724C221FB7C9}.Debug|x86.Build.0 = Debug|Any CPU
		{F0CBF208-B99F-4444-BFDE-724C221FB7C9}.Release|Any CPU.ActiveCfg = Release|Any CPU
		{F0CBF208-B99F-4444-BFDE-724C221FB7C9}.Release|Any CPU.Build.0 = Release|Any CPU
		{F0CBF208-B99F-4444-BFDE-724C221FB7C9}.Release|x64.ActiveCfg = Release|Any CPU
		{F0CBF208-B99F-4444-BFDE-724C221FB7C9}.Release|x64.Build.0 = Release|Any CPU
		{F0CBF208-B99F-4444-BFDE-724C221FB7C9}.Release|x86.ActiveCfg = Release|Any CPU
		{F0CBF208-B99F-4444-BFDE-724C221FB7C9}.Release|x86.Build.0 = Release|Any CPU
	EndGlobalSection
EndGlobal
